github.com/qinxiaogit/go-by-example v0.0.0-20191030101809-41be373241d0 h1:qKkyA6izGn2zN+EU1GuthiFmg9cPRUx9E+Oyb8FRM2A=
github.com/qinxiaogit/go-by-example v0.0.0-20191213082923-7f9408e0f345 h1:zxKf+swk4VYvGUNj4uuvo6QUZEij/NrHkTTBNaiQo0E=
github.com/streadway/amqp v0.0.0-20190827072141-edfb9018d271 h1:WhxRHzgeVGETMlmVfqhRn8RIeeNoPr2Czh33I4Zdccw=
github.com/streadway/amqp v0.0.0-20190827072141-edfb9018d271/go.mod h1:AZpEONHx3DKn8O/DFsRAY58/XVQiIPMTMB1SddzLXVw=
